
Microsoft Visual Studio Solution File, Format Version 12.00
# Visual Studio 15
VisualStudioVersion = 15.0.28307.136
MinimumVisualStudioVersion = 10.0.40219.1
Project("{FAE04EC0-301F-11D3-BF4B-00C04F79EFBC}") = "SolarCoordinates", "SolarCoordinates\SolarCoordinates.csproj", "{951E6410-9143-4829-8AF4-D851F95CAB5B}"
EndProject
Global
	GlobalSection(SolutionConfigurationPlatforms) = preSolution
		Debug|Any CPU = Debug|Any CPU
		Release|Any CPU = Release|Any CPU
	EndGlobalSection
	GlobalSection(ProjectConfigurationPlatforms) = postSolution
		{951E6410-9143-4829-8AF4-D851F95CAB5B}.Debug|Any CPU.ActiveCfg = Debug|Any CPU
		{951E6410-9143-4829-8AF4-D851F95CAB5B}.Debug|Any CPU.Build.0 = Debug|Any CPU
		{951E6410-9143-4829-8AF4-D851F95CAB5B}.Release|Any CPU.ActiveCfg = Release|Any CPU
		{951E6410-9143-4829-8AF4-D851F95CAB5B}.Release|Any CPU.Build.0 = Release|Any CPU
	EndGlobalSection
	GlobalSection(SolutionProperties) = preSolution
		HideSolutionNode = FALSE
	EndGlobalSection
	GlobalSection(ExtensibilityGlobals) = postSolution
		SolutionGuid = {AFB94845-E855-4DAA-B9F3-02C223B92550}
	EndGlobalSection
EndGlobal
